// !$*UTF8*$!
{
	archiveVersion = 1;
	classes = {
	};
	objectVersion = 51;
	objects = {

/* Begin PBXBuildFile section */
		4101F70D2342FF7B00D4ED67 /* RosterTableViewCell.swift in Sources */ = {isa = PBXBuildFile; fileRef = 4101F70C2342FF7B00D4ED67 /* RosterTableViewCell.swift */; };
		410739ED23534D7500784C38 /* MapKit.framework in Frameworks */ = {isa = PBXBuildFile; fileRef = 410739EC23534D7500784C38 /* MapKit.framework */; };
		410F660A237851C1009A77AF /* ShiftTableViewCell.swift in Sources */ = {isa = PBXBuildFile; fileRef = 410F6609237851C1009A77AF /* ShiftTableViewCell.swift */; };
		4146D6292369EA1400ADAFE8 /* ShiftMembersTableViewCell.swift in Sources */ = {isa = PBXBuildFile; fileRef = 4146D6282369EA1400ADAFE8 /* ShiftMembersTableViewCell.swift */; };
		414F5F962375B22800CE6364 /* AdminShiftsViewController.swift in Sources */ = {isa = PBXBuildFile; fileRef = 414F5F952375B22800CE6364 /* AdminShiftsViewController.swift */; };
		414F5F982375B25B00CE6364 /* NewShiftViewController.swift in Sources */ = {isa = PBXBuildFile; fileRef = 414F5F972375B25B00CE6364 /* NewShiftViewController.swift */; };
		416B128C232B34F100E56C50 /* AppDelegate.swift in Sources */ = {isa = PBXBuildFile; fileRef = 416B128B232B34F100E56C50 /* AppDelegate.swift */; };
		416B128E232B34F100E56C50 /* ViewController.swift in Sources */ = {isa = PBXBuildFile; fileRef = 416B128D232B34F100E56C50 /* ViewController.swift */; };
		416B1291232B34F100E56C50 /* Main.storyboard in Resources */ = {isa = PBXBuildFile; fileRef = 416B128F232B34F100E56C50 /* Main.storyboard */; };
		416B1293232B34F300E56C50 /* Assets.xcassets in Resources */ = {isa = PBXBuildFile; fileRef = 416B1292232B34F300E56C50 /* Assets.xcassets */; };
		416B1296232B34F300E56C50 /* LaunchScreen.storyboard in Resources */ = {isa = PBXBuildFile; fileRef = 416B1294232B34F300E56C50 /* LaunchScreen.storyboard */; };
		416B12A3232B3B2F00E56C50 /* UserTabBarViewController.swift in Sources */ = {isa = PBXBuildFile; fileRef = 416B12A2232B3B2F00E56C50 /* UserTabBarViewController.swift */; };
		416B12A5232B3B4700E56C50 /* UserHomeViewController.swift in Sources */ = {isa = PBXBuildFile; fileRef = 416B12A4232B3B4700E56C50 /* UserHomeViewController.swift */; };
		416B12A7232B3B5700E56C50 /* UserAvailabilityViewController.swift in Sources */ = {isa = PBXBuildFile; fileRef = 416B12A6232B3B5700E56C50 /* UserAvailabilityViewController.swift */; };
		416B12A9232B3B6D00E56C50 /* UserContactViewController.swift in Sources */ = {isa = PBXBuildFile; fileRef = 416B12A8232B3B6D00E56C50 /* UserContactViewController.swift */; };
		416B12AD232B3BA800E56C50 /* LeaderTabBarController.swift in Sources */ = {isa = PBXBuildFile; fileRef = 416B12AC232B3BA800E56C50 /* LeaderTabBarController.swift */; };
		417930EC232B6FA3000DE595 /* Utilities.swift in Sources */ = {isa = PBXBuildFile; fileRef = 417930EA232B6FA3000DE595 /* Utilities.swift */; };
		417930ED232B6FA3000DE595 /* Constants.swift in Sources */ = {isa = PBXBuildFile; fileRef = 417930EB232B6FA3000DE595 /* Constants.swift */; };
		4193664C2364043600BA94B3 /* ChangePasswordViewController.swift in Sources */ = {isa = PBXBuildFile; fileRef = 4193664B2364043600BA94B3 /* ChangePasswordViewController.swift */; };
		419E0A742366497700F7AD38 /* NSLayoutHelper.swift in Sources */ = {isa = PBXBuildFile; fileRef = 419E0A732366497700F7AD38 /* NSLayoutHelper.swift */; };
		419E0A7A2366499500F7AD38 /* DeviceHelper.swift in Sources */ = {isa = PBXBuildFile; fileRef = 419E0A752366499400F7AD38 /* DeviceHelper.swift */; };
		419E0A7B2366499500F7AD38 /* UITextFieldHelper.swift in Sources */ = {isa = PBXBuildFile; fileRef = 419E0A762366499400F7AD38 /* UITextFieldHelper.swift */; };
		419E0A7C2366499500F7AD38 /* UITextViewHelper.swift in Sources */ = {isa = PBXBuildFile; fileRef = 419E0A772366499500F7AD38 /* UITextViewHelper.swift */; };
		419E0A7D2366499500F7AD38 /* UIButtonHelper.swift in Sources */ = {isa = PBXBuildFile; fileRef = 419E0A782366499500F7AD38 /* UIButtonHelper.swift */; };
		419E0A7E2366499500F7AD38 /* UILabelHelper.swift in Sources */ = {isa = PBXBuildFile; fileRef = 419E0A792366499500F7AD38 /* UILabelHelper.swift */; };
		41BB390523421D5600001129 /* HomeTableViewCell.swift in Sources */ = {isa = PBXBuildFile; fileRef = 41BB390423421D5600001129 /* HomeTableViewCell.swift */; };
		41BB39092342392900001129 /* logo@2x.png in Resources */ = {isa = PBXBuildFile; fileRef = 41BB39082342392900001129 /* logo@2x.png */; };
		41BB390B23424A5200001129 /* AdminTabBarController.swift in Sources */ = {isa = PBXBuildFile; fileRef = 41BB390A23424A5200001129 /* AdminTabBarController.swift */; };
		41BB391123424F4000001129 /* LeaderFormViewController.swift in Sources */ = {isa = PBXBuildFile; fileRef = 41BB391023424F4000001129 /* LeaderFormViewController.swift */; };
		41BB39152342C1E400001129 /* AdminRosterViewController.swift in Sources */ = {isa = PBXBuildFile; fileRef = 41BB39142342C1E400001129 /* AdminRosterViewController.swift */; };
		41C7B1D4232F4CFE0012D955 /* Struct.swift in Sources */ = {isa = PBXBuildFile; fileRef = 41C7B1D3232F4CFE0012D955 /* Struct.swift */; };
		41CD5368235919430014F673 /* Extensions.swift in Sources */ = {isa = PBXBuildFile; fileRef = 41CD5367235919430014F673 /* Extensions.swift */; };
		41CD536A2359507A0014F673 /* BaseViewController.swift in Sources */ = {isa = PBXBuildFile; fileRef = 41CD53692359507A0014F673 /* BaseViewController.swift */; };
		41DDF95C235BF1A90063DAF0 /* ShiftDetailViewController.swift in Sources */ = {isa = PBXBuildFile; fileRef = 41DDF95B235BF1A90063DAF0 /* ShiftDetailViewController.swift */; };
		D50E24BA6195C7CD05C7AD10 /* Pods_VinniesNightPatroliOS.framework in Frameworks */ = {isa = PBXBuildFile; fileRef = 5B673F8AFD53882A56FEBAF9 /* Pods_VinniesNightPatroliOS.framework */; };
/* End PBXBuildFile section */

/* Begin PBXFileReference section */
		4101F70C2342FF7B00D4ED67 /* RosterTableViewCell.swift */ = {isa = PBXFileReference; lastKnownFileType = sourcecode.swift; path = RosterTableViewCell.swift; sourceTree = "<group>"; };
		410739EA23534D6900784C38 /* VinniesNightPatroliOS.entitlements */ = {isa = PBXFileReference; lastKnownFileType = text.plist.entitlements; path = VinniesNightPatroliOS.entitlements; sourceTree = "<group>"; };
		410739EC23534D7500784C38 /* MapKit.framework */ = {isa = PBXFileReference; lastKnownFileType = wrapper.framework; name = MapKit.framework; path = System/Library/Frameworks/MapKit.framework; sourceTree = SDKROOT; };
		410F6609237851C1009A77AF /* ShiftTableViewCell.swift */ = {isa = PBXFileReference; lastKnownFileType = sourcecode.swift; path = ShiftTableViewCell.swift; sourceTree = "<group>"; };
		4146D6282369EA1400ADAFE8 /* ShiftMembersTableViewCell.swift */ = {isa = PBXFileReference; fileEncoding = 4; lastKnownFileType = sourcecode.swift; path = ShiftMembersTableViewCell.swift; sourceTree = "<group>"; };
		414F5F952375B22800CE6364 /* AdminShiftsViewController.swift */ = {isa = PBXFileReference; lastKnownFileType = sourcecode.swift; path = AdminShiftsViewController.swift; sourceTree = "<group>"; };
		414F5F972375B25B00CE6364 /* NewShiftViewController.swift */ = {isa = PBXFileReference; lastKnownFileType = sourcecode.swift; path = NewShiftViewController.swift; sourceTree = "<group>"; };
		416B1288232B34F100E56C50 /* VinniesNightPatroliOS.app */ = {isa = PBXFileReference; explicitFileType = wrapper.application; includeInIndex = 0; path = VinniesNightPatroliOS.app; sourceTree = BUILT_PRODUCTS_DIR; };
		416B128B232B34F100E56C50 /* AppDelegate.swift */ = {isa = PBXFileReference; lastKnownFileType = sourcecode.swift; path = AppDelegate.swift; sourceTree = "<group>"; };
		416B128D232B34F100E56C50 /* ViewController.swift */ = {isa = PBXFileReference; lastKnownFileType = sourcecode.swift; path = ViewController.swift; sourceTree = "<group>"; };
		416B1290232B34F100E56C50 /* Base */ = {isa = PBXFileReference; lastKnownFileType = file.storyboard; name = Base; path = Base.lproj/Main.storyboard; sourceTree = "<group>"; };
		416B1292232B34F300E56C50 /* Assets.xcassets */ = {isa = PBXFileReference; lastKnownFileType = folder.assetcatalog; path = Assets.xcassets; sourceTree = "<group>"; };
		416B1295232B34F300E56C50 /* Base */ = {isa = PBXFileReference; lastKnownFileType = file.storyboard; name = Base; path = Base.lproj/LaunchScreen.storyboard; sourceTree = "<group>"; };
		416B1297232B34F300E56C50 /* Info.plist */ = {isa = PBXFileReference; lastKnownFileType = text.plist.xml; path = Info.plist; sourceTree = "<group>"; };
		416B12A2232B3B2F00E56C50 /* UserTabBarViewController.swift */ = {isa = PBXFileReference; lastKnownFileType = sourcecode.swift; path = UserTabBarViewController.swift; sourceTree = "<group>"; };
		416B12A4232B3B4700E56C50 /* UserHomeViewController.swift */ = {isa = PBXFileReference; lastKnownFileType = sourcecode.swift; path = UserHomeViewController.swift; sourceTree = "<group>"; };
		416B12A6232B3B5700E56C50 /* UserAvailabilityViewController.swift */ = {isa = PBXFileReference; lastKnownFileType = sourcecode.swift; path = UserAvailabilityViewController.swift; sourceTree = "<group>"; };
		416B12A8232B3B6D00E56C50 /* UserContactViewController.swift */ = {isa = PBXFileReference; lastKnownFileType = sourcecode.swift; path = UserContactViewController.swift; sourceTree = "<group>"; };
		416B12AC232B3BA800E56C50 /* LeaderTabBarController.swift */ = {isa = PBXFileReference; lastKnownFileType = sourcecode.swift; path = LeaderTabBarController.swift; sourceTree = "<group>"; };
		417930EA232B6FA3000DE595 /* Utilities.swift */ = {isa = PBXFileReference; fileEncoding = 4; lastKnownFileType = sourcecode.swift; path = Utilities.swift; sourceTree = "<group>"; };
		417930EB232B6FA3000DE595 /* Constants.swift */ = {isa = PBXFileReference; fileEncoding = 4; lastKnownFileType = sourcecode.swift; path = Constants.swift; sourceTree = "<group>"; };
		4193664B2364043600BA94B3 /* ChangePasswordViewController.swift */ = {isa = PBXFileReference; lastKnownFileType = sourcecode.swift; path = ChangePasswordViewController.swift; sourceTree = "<group>"; };
		419E0A732366497700F7AD38 /* NSLayoutHelper.swift */ = {isa = PBXFileReference; fileEncoding = 4; lastKnownFileType = sourcecode.swift; path = NSLayoutHelper.swift; sourceTree = "<group>"; };
		419E0A752366499400F7AD38 /* DeviceHelper.swift */ = {isa = PBXFileReference; fileEncoding = 4; lastKnownFileType = sourcecode.swift; path = DeviceHelper.swift; sourceTree = "<group>"; };
		419E0A762366499400F7AD38 /* UITextFieldHelper.swift */ = {isa = PBXFileReference; fileEncoding = 4; lastKnownFileType = sourcecode.swift; path = UITextFieldHelper.swift; sourceTree = "<group>"; };
		419E0A772366499500F7AD38 /* UITextViewHelper.swift */ = {isa = PBXFileReference; fileEncoding = 4; lastKnownFileType = sourcecode.swift; path = UITextViewHelper.swift; sourceTree = "<group>"; };
		419E0A782366499500F7AD38 /* UIButtonHelper.swift */ = {isa = PBXFileReference; fileEncoding = 4; lastKnownFileType = sourcecode.swift; path = UIButtonHelper.swift; sourceTree = "<group>"; };
		419E0A792366499500F7AD38 /* UILabelHelper.swift */ = {isa = PBXFileReference; fileEncoding = 4; lastKnownFileType = sourcecode.swift; path = UILabelHelper.swift; sourceTree = "<group>"; };
		41BB390423421D5600001129 /* HomeTableViewCell.swift */ = {isa = PBXFileReference; lastKnownFileType = sourcecode.swift; path = HomeTableViewCell.swift; sourceTree = "<group>"; };
		41BB39082342392900001129 /* logo@2x.png */ = {isa = PBXFileReference; lastKnownFileType = image.png; name = "logo@2x.png"; path = "Icons/logo@2x.png"; sourceTree = SOURCE_ROOT; };
		41BB390A23424A5200001129 /* AdminTabBarController.swift */ = {isa = PBXFileReference; lastKnownFileType = sourcecode.swift; path = AdminTabBarController.swift; sourceTree = "<group>"; };
		41BB391023424F4000001129 /* LeaderFormViewController.swift */ = {isa = PBXFileReference; lastKnownFileType = sourcecode.swift; path = LeaderFormViewController.swift; sourceTree = "<group>"; };
		41BB39142342C1E400001129 /* AdminRosterViewController.swift */ = {isa = PBXFileReference; lastKnownFileType = sourcecode.swift; path = AdminRosterViewController.swift; sourceTree = "<group>"; };
		41C7B1D3232F4CFE0012D955 /* Struct.swift */ = {isa = PBXFileReference; lastKnownFileType = sourcecode.swift; path = Struct.swift; sourceTree = "<group>"; };
		41CD5367235919430014F673 /* Extensions.swift */ = {isa = PBXFileReference; lastKnownFileType = sourcecode.swift; path = Extensions.swift; sourceTree = "<group>"; };
		41CD53692359507A0014F673 /* BaseViewController.swift */ = {isa = PBXFileReference; lastKnownFileType = sourcecode.swift; path = BaseViewController.swift; sourceTree = "<group>"; };
		41DDF95B235BF1A90063DAF0 /* ShiftDetailViewController.swift */ = {isa = PBXFileReference; lastKnownFileType = sourcecode.swift; path = ShiftDetailViewController.swift; sourceTree = "<group>"; };
		5B673F8AFD53882A56FEBAF9 /* Pods_VinniesNightPatroliOS.framework */ = {isa = PBXFileReference; explicitFileType = wrapper.framework; includeInIndex = 0; path = Pods_VinniesNightPatroliOS.framework; sourceTree = BUILT_PRODUCTS_DIR; };
		8124D6CDCE540974ECB18949 /* Pods-VinniesNightPatroliOS.debug.xcconfig */ = {isa = PBXFileReference; includeInIndex = 1; lastKnownFileType = text.xcconfig; name = "Pods-VinniesNightPatroliOS.debug.xcconfig"; path = "Target Support Files/Pods-VinniesNightPatroliOS/Pods-VinniesNightPatroliOS.debug.xcconfig"; sourceTree = "<group>"; };
		95DB9F2CAA48786686DF21FE /* Pods-VinniesNightPatroliOS.release.xcconfig */ = {isa = PBXFileReference; includeInIndex = 1; lastKnownFileType = text.xcconfig; name = "Pods-VinniesNightPatroliOS.release.xcconfig"; path = "Target Support Files/Pods-VinniesNightPatroliOS/Pods-VinniesNightPatroliOS.release.xcconfig"; sourceTree = "<group>"; };
/* End PBXFileReference section */

/* Begin PBXFrameworksBuildPhase section */
		416B1285232B34F100E56C50 /* Frameworks */ = {
			isa = PBXFrameworksBuildPhase;
			buildActionMask = 2147483647;
			files = (
				410739ED23534D7500784C38 /* MapKit.framework in Frameworks */,
				D50E24BA6195C7CD05C7AD10 /* Pods_VinniesNightPatroliOS.framework in Frameworks */,
			);
			runOnlyForDeploymentPostprocessing = 0;
		};
/* End PBXFrameworksBuildPhase section */

/* Begin PBXGroup section */
		410739EB23534D7500784C38 /* Frameworks */ = {
			isa = PBXGroup;
			children = (
				410739EC23534D7500784C38 /* MapKit.framework */,
				5B673F8AFD53882A56FEBAF9 /* Pods_VinniesNightPatroliOS.framework */,
			);
			name = Frameworks;
			sourceTree = "<group>";
		};
		416B127F232B34F100E56C50 = {
			isa = PBXGroup;
			children = (
				416B128A232B34F100E56C50 /* VinniesNightPatroliOS */,
				416B1289232B34F100E56C50 /* Products */,
				410739EB23534D7500784C38 /* Frameworks */,
				5BFF66B02D2B4A69F9210E5D /* Pods */,
			);
			sourceTree = "<group>";
		};
		416B1289232B34F100E56C50 /* Products */ = {
			isa = PBXGroup;
			children = (
				416B1288232B34F100E56C50 /* VinniesNightPatroliOS.app */,
			);
			name = Products;
			sourceTree = "<group>";
		};
		416B128A232B34F100E56C50 /* VinniesNightPatroliOS */ = {
			isa = PBXGroup;
			children = (
				410739EA23534D6900784C38 /* VinniesNightPatroliOS.entitlements */,
				416B12AF232B3CB600E56C50 /* Helpers */,
				416B128B232B34F100E56C50 /* AppDelegate.swift */,
				416B129D232B399600E56C50 /* View Controllers */,
				416B128F232B34F100E56C50 /* Main.storyboard */,
				416B1292232B34F300E56C50 /* Assets.xcassets */,
				416B1294232B34F300E56C50 /* LaunchScreen.storyboard */,
				416B1297232B34F300E56C50 /* Info.plist */,
				41BB39082342392900001129 /* logo@2x.png */,
			);
			path = VinniesNightPatroliOS;
			sourceTree = "<group>";
		};
		416B129D232B399600E56C50 /* View Controllers */ = {
			isa = PBXGroup;
			children = (
				4193C95A23874F82001D6169 /* Shared View Controllers */,
				4146D6282369EA1400ADAFE8 /* ShiftMembersTableViewCell.swift */,
				416B12A2232B3B2F00E56C50 /* UserTabBarViewController.swift */,
				416B12A4232B3B4700E56C50 /* UserHomeViewController.swift */,
				416B12A6232B3B5700E56C50 /* UserAvailabilityViewController.swift */,
				416B12AC232B3BA800E56C50 /* LeaderTabBarController.swift */,
				41BB390A23424A5200001129 /* AdminTabBarController.swift */,
				41BB390423421D5600001129 /* HomeTableViewCell.swift */,
				41BB391023424F4000001129 /* LeaderFormViewController.swift */,
				41BB39142342C1E400001129 /* AdminRosterViewController.swift */,
				4101F70C2342FF7B00D4ED67 /* RosterTableViewCell.swift */,
				41DDF95B235BF1A90063DAF0 /* ShiftDetailViewController.swift */,
				4193664B2364043600BA94B3 /* ChangePasswordViewController.swift */,
				414F5F952375B22800CE6364 /* AdminShiftsViewController.swift */,
				414F5F972375B25B00CE6364 /* NewShiftViewController.swift */,
				410F6609237851C1009A77AF /* ShiftTableViewCell.swift */,
			);
			path = "View Controllers";
			sourceTree = "<group>";
		};
		416B12AF232B3CB600E56C50 /* Helpers */ = {
			isa = PBXGroup;
			children = (
				419E0A752366499400F7AD38 /* DeviceHelper.swift */,
				419E0A782366499500F7AD38 /* UIButtonHelper.swift */,
				419E0A792366499500F7AD38 /* UILabelHelper.swift */,
				419E0A762366499400F7AD38 /* UITextFieldHelper.swift */,
				419E0A772366499500F7AD38 /* UITextViewHelper.swift */,
				419E0A732366497700F7AD38 /* NSLayoutHelper.swift */,
				417930EB232B6FA3000DE595 /* Constants.swift */,
				417930EA232B6FA3000DE595 /* Utilities.swift */,
				41C7B1D3232F4CFE0012D955 /* Struct.swift */,
				41CD5367235919430014F673 /* Extensions.swift */,
			);
			path = Helpers;
			sourceTree = "<group>";
		};
		4193C95A23874F82001D6169 /* Shared View Controllers */ = {
			isa = PBXGroup;
			children = (
				41CD53692359507A0014F673 /* BaseViewController.swift */,
				416B128D232B34F100E56C50 /* ViewController.swift */,
				416B12A8232B3B6D00E56C50 /* UserContactViewController.swift */,
			);
			path = "Shared View Controllers";
			sourceTree = "<group>";
		};
		5BFF66B02D2B4A69F9210E5D /* Pods */ = {
			isa = PBXGroup;
			children = (
				8124D6CDCE540974ECB18949 /* Pods-VinniesNightPatroliOS.debug.xcconfig */,
				95DB9F2CAA48786686DF21FE /* Pods-VinniesNightPatroliOS.release.xcconfig */,
			);
			path = Pods;
			sourceTree = "<group>";
		};
/* End PBXGroup section */

/* Begin PBXNativeTarget section */
		416B1287232B34F100E56C50 /* VinniesNightPatroliOS */ = {
			isa = PBXNativeTarget;
			buildConfigurationList = 416B129A232B34F300E56C50 /* Build configuration list for PBXNativeTarget "VinniesNightPatroliOS" */;
			buildPhases = (
				43074AA793430C8B674CF776 /* [CP] Check Pods Manifest.lock */,
				416B1284232B34F100E56C50 /* Sources */,
				416B1285232B34F100E56C50 /* Frameworks */,
				416B1286232B34F100E56C50 /* Resources */,
				019CEAC25DC7DDB81827260B /* [CP] Embed Pods Frameworks */,
			);
			buildRules = (
			);
			dependencies = (
			);
			name = VinniesNightPatroliOS;
			productName = VinniesNightPatroliOS;
			productReference = 416B1288232B34F100E56C50 /* VinniesNightPatroliOS.app */;
			productType = "com.apple.product-type.application";
		};
/* End PBXNativeTarget section */

/* Begin PBXProject section */
		416B1280232B34F100E56C50 /* Project object */ = {
			isa = PBXProject;
			attributes = {
				LastSwiftUpdateCheck = 1030;
				LastUpgradeCheck = 1030;
				ORGANIZATIONNAME = "Long Nguyen";
				TargetAttributes = {
					416B1287232B34F100E56C50 = {
						CreatedOnToolsVersion = 10.3;
						SystemCapabilities = {
							com.apple.ApplicationGroups.iOS = {
								enabled = 0;
							};
							com.apple.BackgroundModes = {
								enabled = 1;
							};
							com.apple.DataProtection = {
								enabled = 1;
							};
							com.apple.Maps.iOS = {
								enabled = 1;
							};
						};
					};
				};
			};
			buildConfigurationList = 416B1283232B34F100E56C50 /* Build configuration list for PBXProject "VinniesNightPatroliOS" */;
			compatibilityVersion = "Xcode 9.3";
			developmentRegion = en;
			hasScannedForEncodings = 0;
			knownRegions = (
				en,
				Base,
			);
			mainGroup = 416B127F232B34F100E56C50;
			productRefGroup = 416B1289232B34F100E56C50 /* Products */;
			projectDirPath = "";
			projectRoot = "";
			targets = (
				416B1287232B34F100E56C50 /* VinniesNightPatroliOS */,
			);
		};
/* End PBXProject section */

/* Begin PBXResourcesBuildPhase section */
		416B1286232B34F100E56C50 /* Resources */ = {
			isa = PBXResourcesBuildPhase;
			buildActionMask = 2147483647;
			files = (
				41BB39092342392900001129 /* logo@2x.png in Resources */,
				416B1296232B34F300E56C50 /* LaunchScreen.storyboard in Resources */,
				416B1293232B34F300E56C50 /* Assets.xcassets in Resources */,
				416B1291232B34F100E56C50 /* Main.storyboard in Resources */,
			);
			runOnlyForDeploymentPostprocessing = 0;
		};
/* End PBXResourcesBuildPhase section */

/* Begin PBXShellScriptBuildPhase section */
		019CEAC25DC7DDB81827260B /* [CP] Embed Pods Frameworks */ = {
			isa = PBXShellScriptBuildPhase;
			buildActionMask = 2147483647;
			files = (
			);
			inputFileListPaths = (
				"${PODS_ROOT}/Target Support Files/Pods-VinniesNightPatroliOS/Pods-VinniesNightPatroliOS-frameworks-${CONFIGURATION}-input-files.xcfilelist",
			);
			name = "[CP] Embed Pods Frameworks";
			outputFileListPaths = (
				"${PODS_ROOT}/Target Support Files/Pods-VinniesNightPatroliOS/Pods-VinniesNightPatroliOS-frameworks-${CONFIGURATION}-output-files.xcfilelist",
			);
			runOnlyForDeploymentPostprocessing = 0;
			shellPath = /bin/sh;
			shellScript = "\"${PODS_ROOT}/Target Support Files/Pods-VinniesNightPatroliOS/Pods-VinniesNightPatroliOS-frameworks.sh\"\n";
			showEnvVarsInLog = 0;
		};
		43074AA793430C8B674CF776 /* [CP] Check Pods Manifest.lock */ = {
			isa = PBXShellScriptBuildPhase;
			buildActionMask = 2147483647;
			files = (
			);
			inputFileListPaths = (
			);
			inputPaths = (
				"${PODS_PODFILE_DIR_PATH}/Podfile.lock",
				"${PODS_ROOT}/Manifest.lock",
			);
			name = "[CP] Check Pods Manifest.lock";
			outputFileListPaths = (
			);
			outputPaths = (
				"$(DERIVED_FILE_DIR)/Pods-VinniesNightPatroliOS-checkManifestLockResult.txt",
			);
			runOnlyForDeploymentPostprocessing = 0;
			shellPath = /bin/sh;
			shellScript = "diff \"${PODS_PODFILE_DIR_PATH}/Podfile.lock\" \"${PODS_ROOT}/Manifest.lock\" > /dev/null\nif [ $? != 0 ] ; then\n    # print error to STDERR\n    echo \"error: The sandbox is not in sync with the Podfile.lock. Run 'pod install' or update your CocoaPods installation.\" >&2\n    exit 1\nfi\n# This output is used by Xcode 'outputs' to avoid re-running this script phase.\necho \"SUCCESS\" > \"${SCRIPT_OUTPUT_FILE_0}\"\n";
			showEnvVarsInLog = 0;
		};
/* End PBXShellScriptBuildPhase section */

/* Begin PBXSourcesBuildPhase section */
		416B1284232B34F100E56C50 /* Sources */ = {
			isa = PBXSourcesBuildPhase;
			buildActionMask = 2147483647;
			files = (
				41BB391123424F4000001129 /* LeaderFormViewController.swift in Sources */,
				416B12A5232B3B4700E56C50 /* UserHomeViewController.swift in Sources */,
				416B12A3232B3B2F00E56C50 /* UserTabBarViewController.swift in Sources */,
				419E0A7E2366499500F7AD38 /* UILabelHelper.swift in Sources */,
				417930EC232B6FA3000DE595 /* Utilities.swift in Sources */,
				410F660A237851C1009A77AF /* ShiftTableViewCell.swift in Sources */,
				414F5F962375B22800CE6364 /* AdminShiftsViewController.swift in Sources */,
				419E0A7A2366499500F7AD38 /* DeviceHelper.swift in Sources */,
				419E0A7B2366499500F7AD38 /* UITextFieldHelper.swift in Sources */,
				41BB390B23424A5200001129 /* AdminTabBarController.swift in Sources */,
				4193664C2364043600BA94B3 /* ChangePasswordViewController.swift in Sources */,
				416B128E232B34F100E56C50 /* ViewController.swift in Sources */,
				4101F70D2342FF7B00D4ED67 /* RosterTableViewCell.swift in Sources */,
				41CD536A2359507A0014F673 /* BaseViewController.swift in Sources */,
				41BB39152342C1E400001129 /* AdminRosterViewController.swift in Sources */,
				416B128C232B34F100E56C50 /* AppDelegate.swift in Sources */,
				41BB390523421D5600001129 /* HomeTableViewCell.swift in Sources */,
				416B12A7232B3B5700E56C50 /* UserAvailabilityViewController.swift in Sources */,
				419E0A7C2366499500F7AD38 /* UITextViewHelper.swift in Sources */,
				414F5F982375B25B00CE6364 /* NewShiftViewController.swift in Sources */,
				41CD5368235919430014F673 /* Extensions.swift in Sources */,
				419E0A7D2366499500F7AD38 /* UIButtonHelper.swift in Sources */,
				416B12A9232B3B6D00E56C50 /* UserContactViewController.swift in Sources */,
				416B12AD232B3BA800E56C50 /* LeaderTabBarController.swift in Sources */,
				417930ED232B6FA3000DE595 /* Constants.swift in Sources */,
				4146D6292369EA1400ADAFE8 /* ShiftMembersTableViewCell.swift in Sources */,
				41DDF95C235BF1A90063DAF0 /* ShiftDetailViewController.swift in Sources */,
				419E0A742366497700F7AD38 /* NSLayoutHelper.swift in Sources */,
				41C7B1D4232F4CFE0012D955 /* Struct.swift in Sources */,
			);
			runOnlyForDeploymentPostprocessing = 0;
		};
/* End PBXSourcesBuildPhase section */

/* Begin PBXVariantGroup section */
		416B128F232B34F100E56C50 /* Main.storyboard */ = {
			isa = PBXVariantGroup;
			children = (
				416B1290232B34F100E56C50 /* Base */,
			);
			name = Main.storyboard;
			sourceTree = "<group>";
		};
		416B1294232B34F300E56C50 /* LaunchScreen.storyboard */ = {
			isa = PBXVariantGroup;
			children = (
				416B1295232B34F300E56C50 /* Base */,
			);
			name = LaunchScreen.storyboard;
			sourceTree = "<group>";
		};
/* End PBXVariantGroup section */

/* Begin XCBuildConfiguration section */
		416B1298232B34F300E56C50 /* Debug */ = {
			isa = XCBuildConfiguration;
			buildSettings = {
				ALWAYS_SEARCH_USER_PATHS = NO;
				CLANG_ANALYZER_NONNULL = YES;
				CLANG_ANALYZER_NUMBER_OBJECT_CONVERSION = YES_AGGRESSIVE;
				CLANG_CXX_LANGUAGE_STANDARD = "gnu++14";
				CLANG_CXX_LIBRARY = "libc++";
				CLANG_ENABLE_MODULES = YES;
				CLANG_ENABLE_OBJC_ARC = YES;
				CLANG_ENABLE_OBJC_WEAK = YES;
				CLANG_WARN_BLOCK_CAPTURE_AUTORELEASING = YES;
				CLANG_WARN_BOOL_CONVERSION = YES;
				CLANG_WARN_COMMA = YES;
				CLANG_WARN_CONSTANT_CONVERSION = YES;
				CLANG_WARN_DEPRECATED_OBJC_IMPLEMENTATIONS = YES;
				CLANG_WARN_DIRECT_OBJC_ISA_USAGE = YES_ERROR;
				CLANG_WARN_DOCUMENTATION_COMMENTS = YES;
				CLANG_WARN_EMPTY_BODY = YES;
				CLANG_WARN_ENUM_CONVERSION = YES;
				CLANG_WARN_INFINITE_RECURSION = YES;
				CLANG_WARN_INT_CONVERSION = YES;
				CLANG_WARN_NON_LITERAL_NULL_CONVERSION = YES;
				CLANG_WARN_OBJC_IMPLICIT_RETAIN_SELF = YES;
				CLANG_WARN_OBJC_LITERAL_CONVERSION = YES;
				CLANG_WARN_OBJC_ROOT_CLASS = YES_ERROR;
				CLANG_WARN_RANGE_LOOP_ANALYSIS = YES;
				CLANG_WARN_STRICT_PROTOTYPES = YES;
				CLANG_WARN_SUSPICIOUS_MOVE = YES;
				CLANG_WARN_UNGUARDED_AVAILABILITY = YES_AGGRESSIVE;
				CLANG_WARN_UNREACHABLE_CODE = YES;
				CLANG_WARN__DUPLICATE_METHOD_MATCH = YES;
				CODE_SIGN_IDENTITY = "iPhone Developer";
				COPY_PHASE_STRIP = NO;
				DEBUG_INFORMATION_FORMAT = dwarf;
				ENABLE_STRICT_OBJC_MSGSEND = YES;
				ENABLE_TESTABILITY = YES;
				GCC_C_LANGUAGE_STANDARD = gnu11;
				GCC_DYNAMIC_NO_PIC = NO;
				GCC_NO_COMMON_BLOCKS = YES;
				GCC_OPTIMIZATION_LEVEL = 0;
				GCC_PREPROCESSOR_DEFINITIONS = (
					"DEBUG=1",
					"$(inherited)",
				);
				GCC_WARN_64_TO_32_BIT_CONVERSION = YES;
				GCC_WARN_ABOUT_RETURN_TYPE = YES_ERROR;
				GCC_WARN_UNDECLARED_SELECTOR = YES;
				GCC_WARN_UNINITIALIZED_AUTOS = YES_AGGRESSIVE;
				GCC_WARN_UNUSED_FUNCTION = YES;
				GCC_WARN_UNUSED_VARIABLE = YES;
				IPHONEOS_DEPLOYMENT_TARGET = 12.4;
				MTL_ENABLE_DEBUG_INFO = INCLUDE_SOURCE;
				MTL_FAST_MATH = YES;
				ONLY_ACTIVE_ARCH = YES;
				SDKROOT = iphoneos;
				SWIFT_ACTIVE_COMPILATION_CONDITIONS = DEBUG;
				SWIFT_OPTIMIZATION_LEVEL = "-Onone";
			};
			name = Debug;
		};
		416B1299232B34F300E56C50 /* Release */ = {
			isa = XCBuildConfiguration;
			buildSettings = {
				ALWAYS_SEARCH_USER_PATHS = NO;
				CLANG_ANALYZER_NONNULL = YES;
				CLANG_ANALYZER_NUMBER_OBJECT_CONVERSION = YES_AGGRESSIVE;
				CLANG_CXX_LANGUAGE_STANDARD = "gnu++14";
				CLANG_CXX_LIBRARY = "libc++";
				CLANG_ENABLE_MODULES = YES;
				CLANG_ENABLE_OBJC_ARC = YES;
				CLANG_ENABLE_OBJC_WEAK = YES;
				CLANG_WARN_BLOCK_CAPTURE_AUTORELEASING = YES;
				CLANG_WARN_BOOL_CONVERSION = YES;
				CLANG_WARN_COMMA = YES;
				CLANG_WARN_CONSTANT_CONVERSION = YES;
				CLANG_WARN_DEPRECATED_OBJC_IMPLEMENTATIONS = YES;
				CLANG_WARN_DIRECT_OBJC_ISA_USAGE = YES_ERROR;
				CLANG_WARN_DOCUMENTATION_COMMENTS = YES;
				CLANG_WARN_EMPTY_BODY = YES;
				CLANG_WARN_ENUM_CONVERSION = YES;
				CLANG_WARN_INFINITE_RECURSION = YES;
				CLANG_WARN_INT_CONVERSION = YES;
				CLANG_WARN_NON_LITERAL_NULL_CONVERSION = YES;
				CLANG_WARN_OBJC_IMPLICIT_RETAIN_SELF = YES;
				CLANG_WARN_OBJC_LITERAL_CONVERSION = YES;
				CLANG_WARN_OBJC_ROOT_CLASS = YES_ERROR;
				CLANG_WARN_RANGE_LOOP_ANALYSIS = YES;
				CLANG_WARN_STRICT_PROTOTYPES = YES;
				CLANG_WARN_SUSPICIOUS_MOVE = YES;
				CLANG_WARN_UNGUARDED_AVAILABILITY = YES_AGGRESSIVE;
				CLANG_WARN_UNREACHABLE_CODE = YES;
				CLANG_WARN__DUPLICATE_METHOD_MATCH = YES;
				CODE_SIGN_IDENTITY = "iPhone Developer";
				COPY_PHASE_STRIP = NO;
				DEBUG_INFORMATION_FORMAT = "dwarf-with-dsym";
				ENABLE_NS_ASSERTIONS = NO;
				ENABLE_STRICT_OBJC_MSGSEND = YES;
				GCC_C_LANGUAGE_STANDARD = gnu11;
				GCC_NO_COMMON_BLOCKS = YES;
				GCC_WARN_64_TO_32_BIT_CONVERSION = YES;
				GCC_WARN_ABOUT_RETURN_TYPE = YES_ERROR;
				GCC_WARN_UNDECLARED_SELECTOR = YES;
				GCC_WARN_UNINITIALIZED_AUTOS = YES_AGGRESSIVE;
				GCC_WARN_UNUSED_FUNCTION = YES;
				GCC_WARN_UNUSED_VARIABLE = YES;
				IPHONEOS_DEPLOYMENT_TARGET = 12.4;
				MTL_ENABLE_DEBUG_INFO = NO;
				MTL_FAST_MATH = YES;
				SDKROOT = iphoneos;
				SWIFT_COMPILATION_MODE = wholemodule;
				SWIFT_OPTIMIZATION_LEVEL = "-O";
				VALIDATE_PRODUCT = YES;
			};
			name = Release;
		};
		416B129B232B34F300E56C50 /* Debug */ = {
			isa = XCBuildConfiguration;
			baseConfigurationReference = 8124D6CDCE540974ECB18949 /* Pods-VinniesNightPatroliOS.debug.xcconfig */;
			buildSettings = {
				ASSETCATALOG_COMPILER_APPICON_NAME = AppIcon;
				ASSETCATALOG_COMPILER_LAUNCHIMAGE_NAME = LaunchImage;
				CODE_SIGN_ENTITLEMENTS = VinniesNightPatroliOS/VinniesNightPatroliOS.entitlements;
				CODE_SIGN_STYLE = Automatic;
				DEVELOPMENT_TEAM = VTQDY66YJ9;
				INFOPLIST_FILE = VinniesNightPatroliOS/Info.plist;
				IPHONEOS_DEPLOYMENT_TARGET = 12.3;
				LD_RUNPATH_SEARCH_PATHS = (
					"$(inherited)",
					"@executable_path/Frameworks",
				);
				PRODUCT_BUNDLE_IDENTIFIER = com.LongNguyen.VinniesNightPatroliOS;
				PRODUCT_NAME = "$(TARGET_NAME)";
				SWIFT_VERSION = 4.2;
				TARGETED_DEVICE_FAMILY = "1,2";
			};
			name = Debug;
		};
		416B129C232B34F300E56C50 /* Release */ = {
			isa = XCBuildConfiguration;
			baseConfigurationReference = 95DB9F2CAA48786686DF21FE /* Pods-VinniesNightPatroliOS.release.xcconfig */;
			buildSettings = {
				ASSETCATALOG_COMPILER_APPICON_NAME = AppIcon;
				ASSETCATALOG_COMPILER_LAUNCHIMAGE_NAME = LaunchImage;
				CODE_SIGN_ENTITLEMENTS = VinniesNightPatroliOS/VinniesNightPatroliOS.entitlements;
				CODE_SIGN_STYLE = Automatic;
				DEVELOPMENT_TEAM = VTQDY66YJ9;
				INFOPLIST_FILE = VinniesNightPatroliOS/Info.plist;
				IPHONEOS_DEPLOYMENT_TARGET = 12.3;
				LD_RUNPATH_SEARCH_PATHS = (
					"$(inherited)",
					"@executable_path/Frameworks",
				);
				PRODUCT_BUNDLE_IDENTIFIER = com.LongNguyen.VinniesNightPatroliOS;
				PRODUCT_NAME = "$(TARGET_NAME)";
				SWIFT_VERSION = 4.2;
				TARGETED_DEVICE_FAMILY = "1,2";
			};
			name = Release;
		};
/* End XCBuildConfiguration section */

/* Begin XCConfigurationList section */
		416B1283232B34F100E56C50 /* Build configuration list for PBXProject "VinniesNightPatroliOS" */ = {
			isa = XCConfigurationList;
			buildConfigurations = (
				416B1298232B34F300E56C50 /* Debug */,
				416B1299232B34F300E56C50 /* Release */,
			);
			defaultConfigurationIsVisible = 0;
			defaultConfigurationName = Release;
		};
		416B129A232B34F300E56C50 /* Build configuration list for PBXNativeTarget "VinniesNightPatroliOS" */ = {
			isa = XCConfigurationList;
			buildConfigurations = (
				416B129B232B34F300E56C50 /* Debug */,
				416B129C232B34F300E56C50 /* Release */,
			);
			defaultConfigurationIsVisible = 0;
			defaultConfigurationName = Release;
		};
/* End XCConfigurationList section */
	};
	rootObject = 416B1280232B34F100E56C50 /* Project object */;
}
